
Microsoft Visual Studio Solution File, Format Version 12.00
# Visual Studio Version 17
VisualStudioVersion = 17.1.32328.378
MinimumVisualStudioVersion = 10.0.40219.1
Project("{FAE04EC0-301F-11D3-BF4B-00C04F79EFBC}") = "MyFirstRepo", "MyFirstRepo.csproj", "{9585A481-E8B4-4CAC-BD5B-04F3B4DD0170}"
EndProject
Global
	GlobalSection(SolutionConfigurationPlatforms) = preSolution
		Debug|Any CPU = Debug|Any CPU
		Release|Any CPU = Release|Any CPU
	EndGlobalSection
	GlobalSection(ProjectConfigurationPlatforms) = postSolution
		{9585A481-E8B4-4CAC-BD5B-04F3B4DD0170}.Debug|Any CPU.ActiveCfg = Debug|Any CPU
		{9585A481-E8B4-4CAC-BD5B-04F3B4DD0170}.Debug|Any CPU.Build.0 = Debug|Any CPU
		{9585A481-E8B4-4CAC-BD5B-04F3B4DD0170}.Release|Any CPU.ActiveCfg = Release|Any CPU
		{9585A481-E8B4-4CAC-BD5B-04F3B4DD0170}.Release|Any CPU.Build.0 = Release|Any CPU
	EndGlobalSection
	GlobalSection(SolutionProperties) = preSolution
		HideSolutionNode = FALSE
	EndGlobalSection
	GlobalSection(ExtensibilityGlobals) = postSolution
		SolutionGuid = {B29A9C63-E23D-4DEA-B1B2-0851A8708272}
	EndGlobalSection
EndGlobal
